github.com/adityatelange/hugo-PaperMod v0.0.0-20250301152106-e2e1011bdeca h1:RgrOtylU9ZnkAE6C3UB6NtWOBnk7mAGPWTOvze4sOyk=
github.com/adityatelange/hugo-PaperMod v0.0.0-20250301152106-e2e1011bdeca/go.mod h1:HCHxNMKYdGafUYjVV3ICiAqznZK2yH0iI53jqcDFDdQ=
github.com/zetxek/adritian-free-hugo-theme v1.7.0 h1:5aY8CB5NPtPnt1JVJYG9elCEpyESRw5wOqwnIldHfyE=
github.com/zetxek/adritian-free-hugo-theme v1.7.0/go.mod h1:RZxMuUPx+AJwqABiHDQWSVEskypgZCqZ0MwOgCvA6o0=
